
Microsoft Visual Studio Solution File, Format Version 9.00
# Visual Studio 2005
Project("{FAE04EC0-301F-11D3-BF4B-00C04F79EFBC}") = "Syntec", "Syntec\Syntec.csproj", "{604BE3A2-E678-4D6E-9725-A0EADD9B4B8D}"
EndProject
Project("{FAE04EC0-301F-11D3-BF4B-00C04F79EFBC}") = "Fenubars", "Fenubars\Fenubars.csproj", "{96BEB70E-5DFD-4E55-95BC-A711C2D83292}"
EndProject
Global
	GlobalSection(SolutionConfigurationPlatforms) = preSolution
		Debug|Any CPU = Debug|Any CPU
		Release|Any CPU = Release|Any CPU
	EndGlobalSection
	GlobalSection(ProjectConfigurationPlatforms) = postSolution
		{604BE3A2-E678-4D6E-9725-A0EADD9B4B8D}.Debug|Any CPU.ActiveCfg = Debug|Any CPU
		{604BE3A2-E678-4D6E-9725-A0EADD9B4B8D}.Debug|Any CPU.Build.0 = Debug|Any CPU
		{604BE3A2-E678-4D6E-9725-A0EADD9B4B8D}.Release|Any CPU.ActiveCfg = Release|Any CPU
		{604BE3A2-E678-4D6E-9725-A0EADD9B4B8D}.Release|Any CPU.Build.0 = Release|Any CPU
		{96BEB70E-5DFD-4E55-95BC-A711C2D83292}.Debug|Any CPU.ActiveCfg = Debug|Any CPU
		{96BEB70E-5DFD-4E55-95BC-A711C2D83292}.Debug|Any CPU.Build.0 = Debug|Any CPU
		{96BEB70E-5DFD-4E55-95BC-A711C2D83292}.Release|Any CPU.ActiveCfg = Release|Any CPU
		{96BEB70E-5DFD-4E55-95BC-A711C2D83292}.Release|Any CPU.Build.0 = Release|Any CPU
	EndGlobalSection
	GlobalSection(SolutionProperties) = preSolution
		HideSolutionNode = FALSE
	EndGlobalSection
EndGlobal
