
Microsoft Visual Studio Solution File, Format Version 9.00
# Visual Studio 2005
Project("{FAE04EC0-301F-11D3-BF4B-00C04F79EFBC}") = "Syntec", "Syntec\Syntec.csproj", "{604BE3A2-E678-4D6E-9725-A0EADD9B4B8D}"
EndProject
Project("{FAE04EC0-301F-11D3-BF4B-00C04F79EFBC}") = "Fenubars", "Fenubars\Fenubars.csproj", "{126634A3-FB20-4127-9699-81E7E79A472B}"
EndProject
Project("{FAE04EC0-301F-11D3-BF4B-00C04F79EFBC}") = "ConsoleTest", "ConsoleTest\ConsoleTest.csproj", "{27070BFD-E3AD-4300-8675-1F13C265C57C}"
EndProject
Project("{FAE04EC0-301F-11D3-BF4B-00C04F79EFBC}") = "FormTest", "FormTest\FormTest.csproj", "{CF9FE4CB-3623-4E08-9CE6-6C8D57746192}"
EndProject
Global
	GlobalSection(SolutionConfigurationPlatforms) = preSolution
		Debug|Any CPU = Debug|Any CPU
		Release|Any CPU = Release|Any CPU
	EndGlobalSection
	GlobalSection(ProjectConfigurationPlatforms) = postSolution
		{604BE3A2-E678-4D6E-9725-A0EADD9B4B8D}.Debug|Any CPU.ActiveCfg = Debug|Any CPU
		{604BE3A2-E678-4D6E-9725-A0EADD9B4B8D}.Debug|Any CPU.Build.0 = Debug|Any CPU
		{604BE3A2-E678-4D6E-9725-A0EADD9B4B8D}.Release|Any CPU.ActiveCfg = Release|Any CPU
		{604BE3A2-E678-4D6E-9725-A0EADD9B4B8D}.Release|Any CPU.Build.0 = Release|Any CPU
		{126634A3-FB20-4127-9699-81E7E79A472B}.Debug|Any CPU.ActiveCfg = Debug|Any CPU
		{126634A3-FB20-4127-9699-81E7E79A472B}.Debug|Any CPU.Build.0 = Debug|Any CPU
		{126634A3-FB20-4127-9699-81E7E79A472B}.Release|Any CPU.ActiveCfg = Release|Any CPU
		{126634A3-FB20-4127-9699-81E7E79A472B}.Release|Any CPU.Build.0 = Release|Any CPU
		{27070BFD-E3AD-4300-8675-1F13C265C57C}.Debug|Any CPU.ActiveCfg = Debug|Any CPU
		{27070BFD-E3AD-4300-8675-1F13C265C57C}.Debug|Any CPU.Build.0 = Debug|Any CPU
		{27070BFD-E3AD-4300-8675-1F13C265C57C}.Release|Any CPU.ActiveCfg = Release|Any CPU
		{27070BFD-E3AD-4300-8675-1F13C265C57C}.Release|Any CPU.Build.0 = Release|Any CPU
		{CF9FE4CB-3623-4E08-9CE6-6C8D57746192}.Debug|Any CPU.ActiveCfg = Debug|Any CPU
		{CF9FE4CB-3623-4E08-9CE6-6C8D57746192}.Debug|Any CPU.Build.0 = Debug|Any CPU
		{CF9FE4CB-3623-4E08-9CE6-6C8D57746192}.Release|Any CPU.ActiveCfg = Release|Any CPU
		{CF9FE4CB-3623-4E08-9CE6-6C8D57746192}.Release|Any CPU.Build.0 = Release|Any CPU
	EndGlobalSection
	GlobalSection(SolutionProperties) = preSolution
		HideSolutionNode = FALSE
	EndGlobalSection
EndGlobal
