
Microsoft Visual Studio Solution File, Format Version 9.00
# Visual Studio 2005
Project("{FAE04EC0-301F-11D3-BF4B-00C04F79EFBC}") = "Syntec", "Syntec\Syntec.csproj", "{604BE3A2-E678-4D6E-9725-A0EADD9B4B8D}"
	ProjectSection(WebsiteProperties) = preProject
		Debug.AspNetCompiler.Debug = "True"
		Release.AspNetCompiler.Debug = "False"
	EndProjectSection
EndProject
Project("{FAE04EC0-301F-11D3-BF4B-00C04F79EFBC}") = "Fenubars", "Fenubars\Fenubars.csproj", "{126634A3-FB20-4127-9699-81E7E79A472B}"
	ProjectSection(WebsiteProperties) = preProject
		Debug.AspNetCompiler.Debug = "True"
		Release.AspNetCompiler.Debug = "False"
	EndProjectSection
EndProject
Project("{FAE04EC0-301F-11D3-BF4B-00C04F79EFBC}") = "ConsoleTest", "ConsoleTest\ConsoleTest.csproj", "{27070BFD-E3AD-4300-8675-1F13C265C57C}"
	ProjectSection(WebsiteProperties) = preProject
		Debug.AspNetCompiler.Debug = "True"
		Release.AspNetCompiler.Debug = "False"
	EndProjectSection
EndProject
Project("{FAE04EC0-301F-11D3-BF4B-00C04F79EFBC}") = "FormTest", "FormTest\FormTest.csproj", "{CF9FE4CB-3623-4E08-9CE6-6C8D57746192}"
	ProjectSection(WebsiteProperties) = preProject
		Debug.AspNetCompiler.Debug = "True"
		Release.AspNetCompiler.Debug = "False"
	EndProjectSection
EndProject
Project("{FAE04EC0-301F-11D3-BF4B-00C04F79EFBC}") = "FilteredPropertyGrid", "FilteredPropertyGrid\FilteredPropertyGrid.csproj", "{C74B67EE-E6E9-40BE-A76E-434EF1B4C78A}"
	ProjectSection(WebsiteProperties) = preProject
		Debug.AspNetCompiler.Debug = "True"
		Release.AspNetCompiler.Debug = "False"
	EndProjectSection
EndProject
Project("{FAE04EC0-301F-11D3-BF4B-00C04F79EFBC}") = "ModuleInterface", "PluginInterface\ModuleInterface.csproj", "{00D0C21D-D94C-4B0F-A710-1EFBABB4C4C6}"
	ProjectSection(WebsiteProperties) = preProject
		Debug.AspNetCompiler.Debug = "True"
		Release.AspNetCompiler.Debug = "False"
	EndProjectSection
EndProject
Project("{FAE04EC0-301F-11D3-BF4B-00C04F79EFBC}") = "PluginTest", "PluginTest\PluginTest.csproj", "{80E2C8EA-4F3E-4A6F-8A2F-3B771A17C927}"
	ProjectSection(WebsiteProperties) = preProject
		Debug.AspNetCompiler.Debug = "True"
		Release.AspNetCompiler.Debug = "False"
	EndProjectSection
EndProject
Global
	GlobalSection(SolutionConfigurationPlatforms) = preSolution
		Debug|Any CPU = Debug|Any CPU
		Release|Any CPU = Release|Any CPU
	EndGlobalSection
	GlobalSection(ProjectConfigurationPlatforms) = postSolution
		{604BE3A2-E678-4D6E-9725-A0EADD9B4B8D}.Debug|Any CPU.ActiveCfg = Debug|Any CPU
		{604BE3A2-E678-4D6E-9725-A0EADD9B4B8D}.Debug|Any CPU.Build.0 = Debug|Any CPU
		{604BE3A2-E678-4D6E-9725-A0EADD9B4B8D}.Release|Any CPU.ActiveCfg = Release|Any CPU
		{604BE3A2-E678-4D6E-9725-A0EADD9B4B8D}.Release|Any CPU.Build.0 = Release|Any CPU
		{126634A3-FB20-4127-9699-81E7E79A472B}.Debug|Any CPU.ActiveCfg = Debug|Any CPU
		{126634A3-FB20-4127-9699-81E7E79A472B}.Debug|Any CPU.Build.0 = Debug|Any CPU
		{126634A3-FB20-4127-9699-81E7E79A472B}.Release|Any CPU.ActiveCfg = Release|Any CPU
		{126634A3-FB20-4127-9699-81E7E79A472B}.Release|Any CPU.Build.0 = Release|Any CPU
		{27070BFD-E3AD-4300-8675-1F13C265C57C}.Debug|Any CPU.ActiveCfg = Debug|Any CPU
		{27070BFD-E3AD-4300-8675-1F13C265C57C}.Debug|Any CPU.Build.0 = Debug|Any CPU
		{27070BFD-E3AD-4300-8675-1F13C265C57C}.Release|Any CPU.ActiveCfg = Release|Any CPU
		{27070BFD-E3AD-4300-8675-1F13C265C57C}.Release|Any CPU.Build.0 = Release|Any CPU
		{CF9FE4CB-3623-4E08-9CE6-6C8D57746192}.Debug|Any CPU.ActiveCfg = Debug|Any CPU
		{CF9FE4CB-3623-4E08-9CE6-6C8D57746192}.Debug|Any CPU.Build.0 = Debug|Any CPU
		{CF9FE4CB-3623-4E08-9CE6-6C8D57746192}.Release|Any CPU.ActiveCfg = Release|Any CPU
		{CF9FE4CB-3623-4E08-9CE6-6C8D57746192}.Release|Any CPU.Build.0 = Release|Any CPU
		{C74B67EE-E6E9-40BE-A76E-434EF1B4C78A}.Debug|Any CPU.ActiveCfg = Debug|Any CPU
		{C74B67EE-E6E9-40BE-A76E-434EF1B4C78A}.Debug|Any CPU.Build.0 = Debug|Any CPU
		{C74B67EE-E6E9-40BE-A76E-434EF1B4C78A}.Release|Any CPU.ActiveCfg = Release|Any CPU
		{C74B67EE-E6E9-40BE-A76E-434EF1B4C78A}.Release|Any CPU.Build.0 = Release|Any CPU
		{00D0C21D-D94C-4B0F-A710-1EFBABB4C4C6}.Debug|Any CPU.ActiveCfg = Debug|Any CPU
		{00D0C21D-D94C-4B0F-A710-1EFBABB4C4C6}.Debug|Any CPU.Build.0 = Debug|Any CPU
		{00D0C21D-D94C-4B0F-A710-1EFBABB4C4C6}.Release|Any CPU.ActiveCfg = Release|Any CPU
		{00D0C21D-D94C-4B0F-A710-1EFBABB4C4C6}.Release|Any CPU.Build.0 = Release|Any CPU
		{80E2C8EA-4F3E-4A6F-8A2F-3B771A17C927}.Debug|Any CPU.ActiveCfg = Debug|Any CPU
		{80E2C8EA-4F3E-4A6F-8A2F-3B771A17C927}.Debug|Any CPU.Build.0 = Debug|Any CPU
		{80E2C8EA-4F3E-4A6F-8A2F-3B771A17C927}.Release|Any CPU.ActiveCfg = Release|Any CPU
		{80E2C8EA-4F3E-4A6F-8A2F-3B771A17C927}.Release|Any CPU.Build.0 = Release|Any CPU
	EndGlobalSection
	GlobalSection(SolutionProperties) = preSolution
		HideSolutionNode = FALSE
	EndGlobalSection
EndGlobal
